
Microsoft Visual Studio Solution File, Format Version 12.00
# Visual Studio Version 17
VisualStudioVersion = 17.14.36414.22 d17.14
MinimumVisualStudioVersion = 10.0.40219.1
Project("{FAE04EC0-301F-11D3-BF4B-00C04F79EFBC}") = "CodingConnected.WPF.TileCanvas", "CodingConnected.WPF.TileCanvas.csproj", "{C5F1001D-F1F6-7244-2224-455C6A8FAA78}"
EndProject
Global
	GlobalSection(SolutionConfigurationPlatforms) = preSolution
		Debug|Any CPU = Debug|Any CPU
		Debug|x64 = Debug|x64
		Debug|x86 = Debug|x86
		Release|Any CPU = Release|Any CPU
		Release|x64 = Release|x64
		Release|x86 = Release|x86
	EndGlobalSection
	GlobalSection(ProjectConfigurationPlatforms) = postSolution
		{C5F1001D-F1F6-7244-2224-455C6A8FAA78}.Debug|Any CPU.ActiveCfg = Debug|Any CPU
		{C5F1001D-F1F6-7244-2224-455C6A8FAA78}.Debug|Any CPU.Build.0 = Debug|Any CPU
		{C5F1001D-F1F6-7244-2224-455C6A8FAA78}.Debug|x64.ActiveCfg = Debug|x64
		{C5F1001D-F1F6-7244-2224-455C6A8FAA78}.Debug|x64.Build.0 = Debug|x64
		{C5F1001D-F1F6-7244-2224-455C6A8FAA78}.Debug|x86.ActiveCfg = Debug|x86
		{C5F1001D-F1F6-7244-2224-455C6A8FAA78}.Debug|x86.Build.0 = Debug|x86
		{C5F1001D-F1F6-7244-2224-455C6A8FAA78}.Release|Any CPU.ActiveCfg = Release|Any CPU
		{C5F1001D-F1F6-7244-2224-455C6A8FAA78}.Release|Any CPU.Build.0 = Release|Any CPU
		{C5F1001D-F1F6-7244-2224-455C6A8FAA78}.Release|x64.ActiveCfg = Release|x64
		{C5F1001D-F1F6-7244-2224-455C6A8FAA78}.Release|x64.Build.0 = Release|x64
		{C5F1001D-F1F6-7244-2224-455C6A8FAA78}.Release|x86.ActiveCfg = Release|x86
		{C5F1001D-F1F6-7244-2224-455C6A8FAA78}.Release|x86.Build.0 = Release|x86
	EndGlobalSection
	GlobalSection(SolutionProperties) = preSolution
		HideSolutionNode = FALSE
	EndGlobalSection
	GlobalSection(ExtensibilityGlobals) = postSolution
		SolutionGuid = {F054C900-D3EA-4928-A0CA-258E450B296A}
	EndGlobalSection
EndGlobal
